// !$*UTF8*$!
{
	archiveVersion = 1;
	classes = {
	};
	objectVersion = 46;
	objects = {

/* Begin PBXBuildFile section */
		F608E3411CEF785D00D7CF79 /* main.cpp in Sources */ = {isa = PBXBuildFile; fileRef = F608E3401CEF785D00D7CF79 /* main.cpp */; };
		F608E3491CEF7B2C00D7CF79 /* Casino.cpp in Sources */ = {isa = PBXBuildFile; fileRef = F608E3471CEF7B2C00D7CF79 /* Casino.cpp */; };
/* End PBXBuildFile section */

/* Begin PBXCopyFilesBuildPhase section */
		F608E33B1CEF785C00D7CF79 /* CopyFiles */ = {
			isa = PBXCopyFilesBuildPhase;
			buildActionMask = 2147483647;
			dstPath = /usr/share/man/man1/;
			dstSubfolderSpec = 0;
			files = (
			);
			runOnlyForDeploymentPostprocessing = 1;
		};
/* End PBXCopyFilesBuildPhase section */

/* Begin PBXFileReference section */
		F608E33D1CEF785C00D7CF79 /* casino-management */ = {isa = PBXFileReference; explicitFileType = "compiled.mach-o.executable"; includeInIndex = 0; path = "casino-management"; sourceTree = BUILT_PRODUCTS_DIR; };
		F608E3401CEF785D00D7CF79 /* main.cpp */ = {isa = PBXFileReference; lastKnownFileType = sourcecode.cpp.cpp; path = main.cpp; sourceTree = "<group>"; };
		F608E3471CEF7B2C00D7CF79 /* Casino.cpp */ = {isa = PBXFileReference; fileEncoding = 4; lastKnownFileType = sourcecode.cpp.cpp; name = Casino.cpp; path = include/Casino.cpp; sourceTree = "<group>"; };
		F608E3481CEF7B2C00D7CF79 /* Casino.h */ = {isa = PBXFileReference; fileEncoding = 4; lastKnownFileType = sourcecode.c.h; name = Casino.h; path = include/Casino.h; sourceTree = "<group>"; };
/* End PBXFileReference section */

/* Begin PBXFrameworksBuildPhase section */
		F608E33A1CEF785C00D7CF79 /* Frameworks */ = {
			isa = PBXFrameworksBuildPhase;
			buildActionMask = 2147483647;
			files = (
			);
			runOnlyForDeploymentPostprocessing = 0;
		};
/* End PBXFrameworksBuildPhase section */

/* Begin PBXGroup section */
		F608E3341CEF785C00D7CF79 = {
			isa = PBXGroup;
			children = (
				F608E33F1CEF785C00D7CF79 /* casino-management */,
				F608E33E1CEF785C00D7CF79 /* Products */,
			);
			sourceTree = "<group>";
		};
		F608E33E1CEF785C00D7CF79 /* Products */ = {
			isa = PBXGroup;
			children = (
				F608E33D1CEF785C00D7CF79 /* casino-management */,
			);
			name = Products;
			sourceTree = "<group>";
		};
		F608E33F1CEF785C00D7CF79 /* casino-management */ = {
			isa = PBXGroup;
			children = (
				F608E3401CEF785D00D7CF79 /* main.cpp */,
				F608E3471CEF7B2C00D7CF79 /* Casino.cpp */,
				F608E3481CEF7B2C00D7CF79 /* Casino.h */,
			);
			path = "casino-management";
			sourceTree = "<group>";
		};
/* End PBXGroup section */

/* Begin PBXNativeTarget section */
		F608E33C1CEF785C00D7CF79 /* casino-management */ = {
			isa = PBXNativeTarget;
			buildConfigurationList = F608E3441CEF785D00D7CF79 /* Build configuration list for PBXNativeTarget "casino-management" */;
			buildPhases = (
				F608E3391CEF785C00D7CF79 /* Sources */,
				F608E33A1CEF785C00D7CF79 /* Frameworks */,
				F608E33B1CEF785C00D7CF79 /* CopyFiles */,
			);
			buildRules = (
			);
			dependencies = (
			);
			name = "casino-management";
			productName = "casino-management";
			productReference = F608E33D1CEF785C00D7CF79 /* casino-management */;
			productType = "com.apple.product-type.tool";
		};
/* End PBXNativeTarget section */

/* Begin PBXProject section */
		F608E3351CEF785C00D7CF79 /* Project object */ = {
			isa = PBXProject;
			attributes = {
				LastUpgradeCheck = 0730;
				ORGANIZATIONNAME = "Diana Ghinea";
				TargetAttributes = {
					F608E33C1CEF785C00D7CF79 = {
						CreatedOnToolsVersion = 7.3.1;
					};
				};
			};
			buildConfigurationList = F608E3381CEF785C00D7CF79 /* Build configuration list for PBXProject "casino-management" */;
			compatibilityVersion = "Xcode 3.2";
			developmentRegion = English;
			hasScannedForEncodings = 0;
			knownRegions = (
				en,
			);
			mainGroup = F608E3341CEF785C00D7CF79;
			productRefGroup = F608E33E1CEF785C00D7CF79 /* Products */;
			projectDirPath = "";
			projectRoot = "";
			targets = (
				F608E33C1CEF785C00D7CF79 /* casino-management */,
			);
		};
/* End PBXProject section */

/* Begin PBXSourcesBuildPhase section */
		F608E3391CEF785C00D7CF79 /* Sources */ = {
			isa = PBXSourcesBuildPhase;
			buildActionMask = 2147483647;
			files = (
				F608E3491CEF7B2C00D7CF79 /* Casino.cpp in Sources */,
				F608E3411CEF785D00D7CF79 /* main.cpp in Sources */,
			);
			runOnlyForDeploymentPostprocessing = 0;
		};
/* End PBXSourcesBuildPhase section */

/* Begin XCBuildConfiguration section */
		F608E3421CEF785D00D7CF79 /* Debug */ = {
			isa = XCBuildConfiguration;
			buildSettings = {
				ALWAYS_SEARCH_USER_PATHS = NO;
				CLANG_ANALYZER_NONNULL = YES;
				CLANG_CXX_LANGUAGE_STANDARD = "gnu++0x";
				CLANG_CXX_LIBRARY = "libc++";
				CLANG_ENABLE_MODULES = YES;
				CLANG_ENABLE_OBJC_ARC = YES;
				CLANG_WARN_BOOL_CONVERSION = YES;
				CLANG_WARN_CONSTANT_CONVERSION = YES;
				CLANG_WARN_DIRECT_OBJC_ISA_USAGE = YES_ERROR;
				CLANG_WARN_EMPTY_BODY = YES;
				CLANG_WARN_ENUM_CONVERSION = YES;
				CLANG_WARN_INT_CONVERSION = YES;
				CLANG_WARN_OBJC_ROOT_CLASS = YES_ERROR;
				CLANG_WARN_UNREACHABLE_CODE = YES;
				CLANG_WARN__DUPLICATE_METHOD_MATCH = YES;
				CODE_SIGN_IDENTITY = "-";
				COPY_PHASE_STRIP = NO;
				DEBUG_INFORMATION_FORMAT = dwarf;
				ENABLE_STRICT_OBJC_MSGSEND = YES;
				ENABLE_TESTABILITY = YES;
				GCC_C_LANGUAGE_STANDARD = gnu99;
				GCC_DYNAMIC_NO_PIC = NO;
				GCC_NO_COMMON_BLOCKS = YES;
				GCC_OPTIMIZATION_LEVEL = 0;
				GCC_PREPROCESSOR_DEFINITIONS = (
					"DEBUG=1",
					"$(inherited)",
				);
				GCC_WARN_64_TO_32_BIT_CONVERSION = YES;
				GCC_WARN_ABOUT_RETURN_TYPE = YES_ERROR;
				GCC_WARN_UNDECLARED_SELECTOR = YES;
				GCC_WARN_UNINITIALIZED_AUTOS = YES_AGGRESSIVE;
				GCC_WARN_UNUSED_FUNCTION = YES;
				GCC_WARN_UNUSED_VARIABLE = YES;
				MACOSX_DEPLOYMENT_TARGET = 10.11;
				MTL_ENABLE_DEBUG_INFO = YES;
				ONLY_ACTIVE_ARCH = YES;
				SDKROOT = macosx;
			};
			name = Debug;
		};
		F608E3431CEF785D00D7CF79 /* Release */ = {
			isa = XCBuildConfiguration;
			buildSettings = {
				ALWAYS_SEARCH_USER_PATHS = NO;
				CLANG_ANALYZER_NONNULL = YES;
				CLANG_CXX_LANGUAGE_STANDARD = "gnu++0x";
				CLANG_CXX_LIBRARY = "libc++";
				CLANG_ENABLE_MODULES = YES;
				CLANG_ENABLE_OBJC_ARC = YES;
				CLANG_WARN_BOOL_CONVERSION = YES;
				CLANG_WARN_CONSTANT_CONVERSION = YES;
				CLANG_WARN_DIRECT_OBJC_ISA_USAGE = YES_ERROR;
				CLANG_WARN_EMPTY_BODY = YES;
				CLANG_WARN_ENUM_CONVERSION = YES;
				CLANG_WARN_INT_CONVERSION = YES;
				CLANG_WARN_OBJC_ROOT_CLASS = YES_ERROR;
				CLANG_WARN_UNREACHABLE_CODE = YES;
				CLANG_WARN__DUPLICATE_METHOD_MATCH = YES;
				CODE_SIGN_IDENTITY = "-";
				COPY_PHASE_STRIP = NO;
				DEBUG_INFORMATION_FORMAT = "dwarf-with-dsym";
				ENABLE_NS_ASSERTIONS = NO;
				ENABLE_STRICT_OBJC_MSGSEND = YES;
				GCC_C_LANGUAGE_STANDARD = gnu99;
				GCC_NO_COMMON_BLOCKS = YES;
				GCC_WARN_64_TO_32_BIT_CONVERSION = YES;
				GCC_WARN_ABOUT_RETURN_TYPE = YES_ERROR;
				GCC_WARN_UNDECLARED_SELECTOR = YES;
				GCC_WARN_UNINITIALIZED_AUTOS = YES_AGGRESSIVE;
				GCC_WARN_UNUSED_FUNCTION = YES;
				GCC_WARN_UNUSED_VARIABLE = YES;
				MACOSX_DEPLOYMENT_TARGET = 10.11;
				MTL_ENABLE_DEBUG_INFO = NO;
				SDKROOT = macosx;
			};
			name = Release;
		};
		F608E3451CEF785D00D7CF79 /* Debug */ = {
			isa = XCBuildConfiguration;
			buildSettings = {
				PRODUCT_NAME = "$(TARGET_NAME)";
			};
			name = Debug;
		};
		F608E3461CEF785D00D7CF79 /* Release */ = {
			isa = XCBuildConfiguration;
			buildSettings = {
				PRODUCT_NAME = "$(TARGET_NAME)";
			};
			name = Release;
		};
/* End XCBuildConfiguration section */

/* Begin XCConfigurationList section */
		F608E3381CEF785C00D7CF79 /* Build configuration list for PBXProject "casino-management" */ = {
			isa = XCConfigurationList;
			buildConfigurations = (
				F608E3421CEF785D00D7CF79 /* Debug */,
				F608E3431CEF785D00D7CF79 /* Release */,
			);
			defaultConfigurationIsVisible = 0;
			defaultConfigurationName = Release;
		};
		F608E3441CEF785D00D7CF79 /* Build configuration list for PBXNativeTarget "casino-management" */ = {
			isa = XCConfigurationList;
			buildConfigurations = (
				F608E3451CEF785D00D7CF79 /* Debug */,
				F608E3461CEF785D00D7CF79 /* Release */,
			);
			defaultConfigurationIsVisible = 0;
		};
/* End XCConfigurationList section */
	};
	rootObject = F608E3351CEF785C00D7CF79 /* Project object */;
}
